{
  "name": "angular-form-messages",
  "version": "0.14.1",
  "lockfileVersion": 1,
  "requires": true,
  "dependencies": {
    "jasmine-jquery": {
      "version": "2.1.1",
      "resolved": "https://registry.npmjs.org/jasmine-jquery/-/jasmine-jquery-2.1.1.tgz",
      "integrity": "sha1-1AleZGlEomdjI1dpqwGNnzDw1Hs=",
      "dev": true
    },
    "jquery": {
      "version": "3.3.1",
      "resolved": "https://registry.npmjs.org/jquery/-/jquery-3.3.1.tgz",
      "integrity": "sha512-Ubldcmxp5np52/ENotGxlLe6aGMvmF4R8S6tZjsP6Knsaxd/xp3Zrh50cG93lR6nPXyUFwzN3ZSOQI0wRJNdGg==",
      "dev": true
    },
    "test-runner-config": {
      "version": "0.5.0",
      "resolved": "https://registry.npmjs.org/test-runner-config/-/test-runner-config-0.5.0.tgz",
      "integrity": "sha1-xDANFZHy/ZwuL3jNGzmiX+R9Fm8=",
      "dev": true,
      "requires": {
        "lodash": "3.10.1"
      },
      "dependencies": {
        "lodash": {
          "version": "3.10.1",
          "resolved": "https://registry.npmjs.org/lodash/-/lodash-3.10.1.tgz",
          "integrity": "sha1-W/Rejkm6QYnhfUgnid/RW9FAt7Y=",
          "dev": true
        }
      }
    },
    "wallaby-ng-html2js-preprocessor": {
      "version": "0.1.0",
      "resolved": "https://registry.npmjs.org/wallaby-ng-html2js-preprocessor/-/wallaby-ng-html2js-preprocessor-0.1.0.tgz",
      "integrity": "sha1-zWIX3Md1WBeblegRZrPV7ozJ264=",
      "dev": true
    }
  }
}
